
Microsoft Visual Studio Solution File, Format Version 12.00
# Visual Studio Version 16
VisualStudioVersion = 16.0.30413.136
MinimumVisualStudioVersion = 10.0.40219.1
Project("{FAE04EC0-301F-11D3-BF4B-00C04F79EFBC}") = "ProtoActor.Console.Demo", "ProtoActor.Console.Demo.csproj", "{1A3F73AF-88D0-4756-9BF3-712D120CC015}"
EndProject
Global
	GlobalSection(SolutionConfigurationPlatforms) = preSolution
		Debug|Any CPU = Debug|Any CPU
		Release|Any CPU = Release|Any CPU
	EndGlobalSection
	GlobalSection(ProjectConfigurationPlatforms) = postSolution
		{1A3F73AF-88D0-4756-9BF3-712D120CC015}.Debug|Any CPU.ActiveCfg = Debug|Any CPU
		{1A3F73AF-88D0-4756-9BF3-712D120CC015}.Debug|Any CPU.Build.0 = Debug|Any CPU
		{1A3F73AF-88D0-4756-9BF3-712D120CC015}.Release|Any CPU.ActiveCfg = Release|Any CPU
		{1A3F73AF-88D0-4756-9BF3-712D120CC015}.Release|Any CPU.Build.0 = Release|Any CPU
	EndGlobalSection
	GlobalSection(SolutionProperties) = preSolution
		HideSolutionNode = FALSE
	EndGlobalSection
	GlobalSection(ExtensibilityGlobals) = postSolution
		SolutionGuid = {334B98BD-8DBB-4301-9EB6-5E76FA48E843}
	EndGlobalSection
EndGlobal
